
Microsoft Visual Studio Solution File, Format Version 12.00
# Visual Studio Version 17
VisualStudioVersion = 17.10.35122.118
MinimumVisualStudioVersion = 10.0.40219.1
Project("{FAE04EC0-301F-11D3-BF4B-00C04F79EFBC}") = "MagicVilla_VillaApi", "MagicVilla_VillaApi\MagicVilla_VillaApi.csproj", "{80EB48AA-0C88-4959-B0F8-0E562363C672}"
EndProject
Global
	GlobalSection(SolutionConfigurationPlatforms) = preSolution
		Debug|Any CPU = Debug|Any CPU
		Release|Any CPU = Release|Any CPU
	EndGlobalSection
	GlobalSection(ProjectConfigurationPlatforms) = postSolution
		{80EB48AA-0C88-4959-B0F8-0E562363C672}.Debug|Any CPU.ActiveCfg = Debug|Any CPU
		{80EB48AA-0C88-4959-B0F8-0E562363C672}.Debug|Any CPU.Build.0 = Debug|Any CPU
		{80EB48AA-0C88-4959-B0F8-0E562363C672}.Release|Any CPU.ActiveCfg = Release|Any CPU
		{80EB48AA-0C88-4959-B0F8-0E562363C672}.Release|Any CPU.Build.0 = Release|Any CPU
	EndGlobalSection
	GlobalSection(SolutionProperties) = preSolution
		HideSolutionNode = FALSE
	EndGlobalSection
	GlobalSection(ExtensibilityGlobals) = postSolution
		SolutionGuid = {29AD662F-3259-44F8-AD74-FB27955C028D}
	EndGlobalSection
EndGlobal
